{
  "version": 4,
  "terraform_version": "1.12.2",
  "serial": 19,
  "lineage": "ad698fe6-a226-01eb-b015-131ba19845e5",
  "outputs": {},
  "resources": [
    {
      "mode": "data",
      "type": "aws_availability_zones",
      "name": "available",
      "provider": "provider[\"registry.terraform.io/hashicorp/aws\"]",
      "instances": [
        {
          "schema_version": 0,
          "attributes": {
            "all_availability_zones": null,
            "exclude_names": null,
            "exclude_zone_ids": null,
            "filter": null,
            "group_names": [
              "us-east-1-zg-1"
            ],
            "id": "us-east-1",
            "names": [
              "us-east-1a",
              "us-east-1b",
              "us-east-1c",
              "us-east-1d",
              "us-east-1e",
              "us-east-1f"
            ],
            "state": "available",
            "timeouts": null,
            "zone_ids": [
              "use1-az4",
              "use1-az6",
              "use1-az1",
              "use1-az2",
              "use1-az3",
              "use1-az5"
            ]
          },
          "sensitive_attributes": [],
          "identity_schema_version": 0
        }
      ]
    },
    {
      "mode": "managed",
      "type": "aws_ec2_transit_gateway",
      "name": "main",
      "provider": "provider[\"registry.terraform.io/hashicorp/aws\"]",
      "instances": [
        {
          "schema_version": 0,
          "attributes": {
            "amazon_side_asn": 64512,
            "arn": "arn:aws:ec2:us-east-1:627073650332:transit-gateway/tgw-0bb65cddb4a5705d4",
            "association_default_route_table_id": "tgw-rtb-0e673a59eea46afad",
            "auto_accept_shared_attachments": "disable",
            "default_route_table_association": "enable",
            "default_route_table_propagation": "enable",
            "description": "Transit Gateway for Hybrid DNS Lab",
            "dns_support": "enable",
            "id": "tgw-0bb65cddb4a5705d4",
            "multicast_support": "disable",
            "owner_id": "627073650332",
            "propagation_default_route_table_id": "tgw-rtb-0e673a59eea46afad",
            "security_group_referencing_support": "disable",
            "tags": {
              "Name": "hybrid-dns-lab-tgw",
              "Project": "hybrid-dns-lab"
            },
            "tags_all": {
              "Name": "hybrid-dns-lab-tgw",
              "Project": "hybrid-dns-lab"
            },
            "timeouts": null,
            "transit_gateway_cidr_blocks": null,
            "vpn_ecmp_support": "enable"
          },
          "sensitive_attributes": [],
          "identity_schema_version": 0,
          "private": "eyJlMmJmYjczMC1lY2FhLTExZTYtOGY4OC0zNDM2M2JjN2M0YzAiOnsiY3JlYXRlIjo2MDAwMDAwMDAwMDAsImRlbGV0ZSI6NjAwMDAwMDAwMDAwLCJ1cGRhdGUiOjYwMDAwMDAwMDAwMH19"
        }
      ]
    },
    {
      "mode": "managed",
      "type": "aws_ec2_transit_gateway_vpc_attachment",
      "name": "app_a",
      "provider": "provider[\"registry.terraform.io/hashicorp/aws\"]",
      "instances": [
        {
          "schema_version": 0,
          "attributes": {
            "appliance_mode_support": "disable",
            "arn": "arn:aws:ec2:us-east-1:627073650332:transit-gateway-attachment/tgw-attach-0ddbb20fd59721411",
            "dns_support": "enable",
            "id": "tgw-attach-0ddbb20fd59721411",
            "ipv6_support": "disable",
            "security_group_referencing_support": "enable",
            "subnet_ids": [
              "subnet-0a971b79c77060b4e"
            ],
            "tags": {
              "Name": "hybrid-dns-lab-tgw-attachment-app-a",
              "Project": "hybrid-dns-lab"
            },
            "tags_all": {
              "Name": "hybrid-dns-lab-tgw-attachment-app-a",
              "Project": "hybrid-dns-lab"
            },
            "transit_gateway_default_route_table_association": true,
            "transit_gateway_default_route_table_propagation": true,
            "transit_gateway_id": "tgw-0bb65cddb4a5705d4",
            "vpc_id": "vpc-0af187695e618a678",
            "vpc_owner_id": "627073650332"
          },
          "sensitive_attributes": [],
          "identity_schema_version": 0,
          "private": "bnVsbA==",
          "dependencies": [
            "aws_ec2_transit_gateway.main",
            "aws_subnet.app_a_private",
            "aws_vpc.app_a",
            "data.aws_availability_zones.available"
          ]
        }
      ]
    },
    {
      "mode": "managed",
      "type": "aws_ec2_transit_gateway_vpc_attachment",
      "name": "app_b",
      "provider": "provider[\"registry.terraform.io/hashicorp/aws\"]",
      "instances": [
        {
          "schema_version": 0,
          "attributes": {
            "appliance_mode_support": "disable",
            "arn": "arn:aws:ec2:us-east-1:627073650332:transit-gateway-attachment/tgw-attach-03c4e48fc7536a037",
            "dns_support": "enable",
            "id": "tgw-attach-03c4e48fc7536a037",
            "ipv6_support": "disable",
            "security_group_referencing_support": "enable",
            "subnet_ids": [
              "subnet-015cb8c1009007dc3"
            ],
            "tags": {
              "Name": "hybrid-dns-lab-tgw-attachment-app-b",
              "Project": "hybrid-dns-lab"
            },
            "tags_all": {
              "Name": "hybrid-dns-lab-tgw-attachment-app-b",
              "Project": "hybrid-dns-lab"
            },
            "transit_gateway_default_route_table_association": true,
            "transit_gateway_default_route_table_propagation": true,
            "transit_gateway_id": "tgw-0bb65cddb4a5705d4",
            "vpc_id": "vpc-0d41d8a919a7b1459",
            "vpc_owner_id": "627073650332"
          },
          "sensitive_attributes": [],
          "identity_schema_version": 0,
          "private": "bnVsbA==",
          "dependencies": [
            "aws_ec2_transit_gateway.main",
            "aws_subnet.app_b_private",
            "aws_vpc.app_b",
            "data.aws_availability_zones.available"
          ]
        }
      ]
    },
    {
      "mode": "managed",
      "type": "aws_ec2_transit_gateway_vpc_attachment",
      "name": "shared_services",
      "provider": "provider[\"registry.terraform.io/hashicorp/aws\"]",
      "instances": [
        {
          "schema_version": 0,
          "attributes": {
            "appliance_mode_support": "disable",
            "arn": "arn:aws:ec2:us-east-1:627073650332:transit-gateway-attachment/tgw-attach-0a21da715f2860447",
            "dns_support": "enable",
            "id": "tgw-attach-0a21da715f2860447",
            "ipv6_support": "disable",
            "security_group_referencing_support": "enable",
            "subnet_ids": [
              "subnet-057ca27f4e04a301b",
              "subnet-0c95362aeacd02800"
            ],
            "tags": {
              "Name": "hybrid-dns-lab-tgw-attachment-shared",
              "Project": "hybrid-dns-lab"
            },
            "tags_all": {
              "Name": "hybrid-dns-lab-tgw-attachment-shared",
              "Project": "hybrid-dns-lab"
            },
            "transit_gateway_default_route_table_association": true,
            "transit_gateway_default_route_table_propagation": true,
            "transit_gateway_id": "tgw-0bb65cddb4a5705d4",
            "vpc_id": "vpc-0330fd84980ef82a9",
            "vpc_owner_id": "627073650332"
          },
          "sensitive_attributes": [],
          "identity_schema_version": 0,
          "private": "bnVsbA==",
          "dependencies": [
            "aws_ec2_transit_gateway.main",
            "aws_subnet.shared_private_1a",
            "aws_subnet.shared_private_1b",
            "aws_vpc.shared_services",
            "data.aws_availability_zones.available"
          ]
        }
      ]
    },
    {
      "mode": "managed",
      "type": "aws_internet_gateway",
      "name": "app_a_igw",
      "provider": "provider[\"registry.terraform.io/hashicorp/aws\"]",
      "instances": [
        {
          "schema_version": 0,
          "attributes": {
            "arn": "arn:aws:ec2:us-east-1:627073650332:internet-gateway/igw-0d34873d4b2c485b3",
            "id": "igw-0d34873d4b2c485b3",
            "owner_id": "627073650332",
            "tags": {
              "Name": "hybrid-dns-lab-app-a-igw",
              "Project": "hybrid-dns-lab"
            },
            "tags_all": {
              "Name": "hybrid-dns-lab-app-a-igw",
              "Project": "hybrid-dns-lab"
            },
            "timeouts": null,
            "vpc_id": "vpc-0af187695e618a678"
          },
          "sensitive_attributes": [],
          "identity_schema_version": 0,
          "private": "eyJlMmJmYjczMC1lY2FhLTExZTYtOGY4OC0zNDM2M2JjN2M0YzAiOnsiY3JlYXRlIjoxMjAwMDAwMDAwMDAwLCJkZWxldGUiOjEyMDAwMDAwMDAwMDAsInVwZGF0ZSI6MTIwMDAwMDAwMDAwMH19",
          "dependencies": [
            "aws_vpc.app_a"
          ]
        }
      ]
    },
    {
      "mode": "managed",
      "type": "aws_route_table",
      "name": "app_a_public_rt",
      "provider": "provider[\"registry.terraform.io/hashicorp/aws\"]",
      "instances": [
        {
          "schema_version": 0,
          "attributes": {
            "arn": "arn:aws:ec2:us-east-1:627073650332:route-table/rtb-0a4dadb9ce4b9c712",
            "id": "rtb-0a4dadb9ce4b9c712",
            "owner_id": "627073650332",
            "propagating_vgws": [],
            "route": [
              {
                "carrier_gateway_id": "",
                "cidr_block": "0.0.0.0/0",
                "core_network_arn": "",
                "destination_prefix_list_id": "",
                "egress_only_gateway_id": "",
                "gateway_id": "igw-0d34873d4b2c485b3",
                "ipv6_cidr_block": "",
                "local_gateway_id": "",
                "nat_gateway_id": "",
                "network_interface_id": "",
                "transit_gateway_id": "",
                "vpc_endpoint_id": "",
                "vpc_peering_connection_id": ""
              }
            ],
            "tags": {
              "Name": "hybrid-dns-lab-app-a-public-rt",
              "Project": "hybrid-dns-lab"
            },
            "tags_all": {
              "Name": "hybrid-dns-lab-app-a-public-rt",
              "Project": "hybrid-dns-lab"
            },
            "timeouts": null,
            "vpc_id": "vpc-0af187695e618a678"
          },
          "sensitive_attributes": [],
          "identity_schema_version": 0,
          "private": "eyJlMmJmYjczMC1lY2FhLTExZTYtOGY4OC0zNDM2M2JjN2M0YzAiOnsiY3JlYXRlIjozMDAwMDAwMDAwMDAsImRlbGV0ZSI6MzAwMDAwMDAwMDAwLCJ1cGRhdGUiOjEyMDAwMDAwMDAwMH19",
          "dependencies": [
            "aws_internet_gateway.app_a_igw",
            "aws_vpc.app_a"
          ]
        }
      ]
    },
    {
      "mode": "managed",
      "type": "aws_route_table_association",
      "name": "app_a_public",
      "provider": "provider[\"registry.terraform.io/hashicorp/aws\"]",
      "instances": [
        {
          "schema_version": 0,
          "attributes": {
            "gateway_id": "",
            "id": "rtbassoc-092c0778a14e89917",
            "route_table_id": "rtb-0a4dadb9ce4b9c712",
            "subnet_id": "subnet-0bd89359b23e1226d",
            "timeouts": null
          },
          "sensitive_attributes": [],
          "identity_schema_version": 0,
          "private": "eyJlMmJmYjczMC1lY2FhLTExZTYtOGY4OC0zNDM2M2JjN2M0YzAiOnsiY3JlYXRlIjozMDAwMDAwMDAwMDAsImRlbGV0ZSI6MzAwMDAwMDAwMDAwLCJ1cGRhdGUiOjEyMDAwMDAwMDAwMH19",
          "dependencies": [
            "aws_internet_gateway.app_a_igw",
            "aws_route_table.app_a_public_rt",
            "aws_subnet.app_a_public",
            "aws_vpc.app_a",
            "data.aws_availability_zones.available"
          ]
        }
      ]
    },
    {
      "mode": "managed",
      "type": "aws_subnet",
      "name": "app_a_private",
      "provider": "provider[\"registry.terraform.io/hashicorp/aws\"]",
      "instances": [
        {
          "schema_version": 1,
          "attributes": {
            "arn": "arn:aws:ec2:us-east-1:627073650332:subnet/subnet-0a971b79c77060b4e",
            "assign_ipv6_address_on_creation": false,
            "availability_zone": "us-east-1a",
            "availability_zone_id": "use1-az4",
            "cidr_block": "10.4.1.0/24",
            "customer_owned_ipv4_pool": "",
            "enable_dns64": false,
            "enable_lni_at_device_index": 0,
            "enable_resource_name_dns_a_record_on_launch": false,
            "enable_resource_name_dns_aaaa_record_on_launch": false,
            "id": "subnet-0a971b79c77060b4e",
            "ipv6_cidr_block": "",
            "ipv6_cidr_block_association_id": "",
            "ipv6_native": false,
            "map_customer_owned_ip_on_launch": false,
            "map_public_ip_on_launch": false,
            "outpost_arn": "",
            "owner_id": "627073650332",
            "private_dns_hostname_type_on_launch": "ip-name",
            "tags": {
              "Name": "hybrid-dns-lab-app-a-private",
              "Project": "hybrid-dns-lab"
            },
            "tags_all": {
              "Name": "hybrid-dns-lab-app-a-private",
              "Project": "hybrid-dns-lab"
            },
            "timeouts": null,
            "vpc_id": "vpc-0af187695e618a678"
          },
          "sensitive_attributes": [],
          "identity_schema_version": 0,
          "private": "eyJlMmJmYjczMC1lY2FhLTExZTYtOGY4OC0zNDM2M2JjN2M0YzAiOnsiY3JlYXRlIjo2MDAwMDAwMDAwMDAsImRlbGV0ZSI6MTIwMDAwMDAwMDAwMH0sInNjaGVtYV92ZXJzaW9uIjoiMSJ9",
          "dependencies": [
            "aws_vpc.app_a",
            "data.aws_availability_zones.available"
          ]
        }
      ]
    },
    {
      "mode": "managed",
      "type": "aws_subnet",
      "name": "app_a_public",
      "provider": "provider[\"registry.terraform.io/hashicorp/aws\"]",
      "instances": [
        {
          "schema_version": 1,
          "attributes": {
            "arn": "arn:aws:ec2:us-east-1:627073650332:subnet/subnet-0bd89359b23e1226d",
            "assign_ipv6_address_on_creation": false,
            "availability_zone": "us-east-1a",
            "availability_zone_id": "use1-az4",
            "cidr_block": "10.4.100.0/24",
            "customer_owned_ipv4_pool": "",
            "enable_dns64": false,
            "enable_lni_at_device_index": 0,
            "enable_resource_name_dns_a_record_on_launch": false,
            "enable_resource_name_dns_aaaa_record_on_launch": false,
            "id": "subnet-0bd89359b23e1226d",
            "ipv6_cidr_block": "",
            "ipv6_cidr_block_association_id": "",
            "ipv6_native": false,
            "map_customer_owned_ip_on_launch": false,
            "map_public_ip_on_launch": true,
            "outpost_arn": "",
            "owner_id": "627073650332",
            "private_dns_hostname_type_on_launch": "ip-name",
            "tags": {
              "Name": "hybrid-dns-lab-app-a-public",
              "Project": "hybrid-dns-lab"
            },
            "tags_all": {
              "Name": "hybrid-dns-lab-app-a-public",
              "Project": "hybrid-dns-lab"
            },
            "timeouts": null,
            "vpc_id": "vpc-0af187695e618a678"
          },
          "sensitive_attributes": [],
          "identity_schema_version": 0,
          "private": "eyJlMmJmYjczMC1lY2FhLTExZTYtOGY4OC0zNDM2M2JjN2M0YzAiOnsiY3JlYXRlIjo2MDAwMDAwMDAwMDAsImRlbGV0ZSI6MTIwMDAwMDAwMDAwMH0sInNjaGVtYV92ZXJzaW9uIjoiMSJ9",
          "dependencies": [
            "aws_vpc.app_a",
            "data.aws_availability_zones.available"
          ]
        }
      ]
    },
    {
      "mode": "managed",
      "type": "aws_subnet",
      "name": "app_b_private",
      "provider": "provider[\"registry.terraform.io/hashicorp/aws\"]",
      "instances": [
        {
          "schema_version": 1,
          "attributes": {
            "arn": "arn:aws:ec2:us-east-1:627073650332:subnet/subnet-015cb8c1009007dc3",
            "assign_ipv6_address_on_creation": false,
            "availability_zone": "us-east-1a",
            "availability_zone_id": "use1-az4",
            "cidr_block": "10.5.1.0/24",
            "customer_owned_ipv4_pool": "",
            "enable_dns64": false,
            "enable_lni_at_device_index": 0,
            "enable_resource_name_dns_a_record_on_launch": false,
            "enable_resource_name_dns_aaaa_record_on_launch": false,
            "id": "subnet-015cb8c1009007dc3",
            "ipv6_cidr_block": "",
            "ipv6_cidr_block_association_id": "",
            "ipv6_native": false,
            "map_customer_owned_ip_on_launch": false,
            "map_public_ip_on_launch": false,
            "outpost_arn": "",
            "owner_id": "627073650332",
            "private_dns_hostname_type_on_launch": "ip-name",
            "tags": {
              "Name": "hybrid-dns-lab-app-b-private",
              "Project": "hybrid-dns-lab"
            },
            "tags_all": {
              "Name": "hybrid-dns-lab-app-b-private",
              "Project": "hybrid-dns-lab"
            },
            "timeouts": null,
            "vpc_id": "vpc-0d41d8a919a7b1459"
          },
          "sensitive_attributes": [],
          "identity_schema_version": 0,
          "private": "eyJlMmJmYjczMC1lY2FhLTExZTYtOGY4OC0zNDM2M2JjN2M0YzAiOnsiY3JlYXRlIjo2MDAwMDAwMDAwMDAsImRlbGV0ZSI6MTIwMDAwMDAwMDAwMH0sInNjaGVtYV92ZXJzaW9uIjoiMSJ9",
          "dependencies": [
            "aws_vpc.app_b",
            "data.aws_availability_zones.available"
          ]
        }
      ]
    },
    {
      "mode": "managed",
      "type": "aws_subnet",
      "name": "shared_private_1a",
      "provider": "provider[\"registry.terraform.io/hashicorp/aws\"]",
      "instances": [
        {
          "schema_version": 1,
          "attributes": {
            "arn": "arn:aws:ec2:us-east-1:627073650332:subnet/subnet-0c95362aeacd02800",
            "assign_ipv6_address_on_creation": false,
            "availability_zone": "us-east-1a",
            "availability_zone_id": "use1-az4",
            "cidr_block": "10.3.1.0/24",
            "customer_owned_ipv4_pool": "",
            "enable_dns64": false,
            "enable_lni_at_device_index": 0,
            "enable_resource_name_dns_a_record_on_launch": false,
            "enable_resource_name_dns_aaaa_record_on_launch": false,
            "id": "subnet-0c95362aeacd02800",
            "ipv6_cidr_block": "",
            "ipv6_cidr_block_association_id": "",
            "ipv6_native": false,
            "map_customer_owned_ip_on_launch": false,
            "map_public_ip_on_launch": false,
            "outpost_arn": "",
            "owner_id": "627073650332",
            "private_dns_hostname_type_on_launch": "ip-name",
            "tags": {
              "Name": "hybrid-dns-lab-shared-private-1a",
              "Project": "hybrid-dns-lab"
            },
            "tags_all": {
              "Name": "hybrid-dns-lab-shared-private-1a",
              "Project": "hybrid-dns-lab"
            },
            "timeouts": null,
            "vpc_id": "vpc-0330fd84980ef82a9"
          },
          "sensitive_attributes": [],
          "identity_schema_version": 0,
          "private": "eyJlMmJmYjczMC1lY2FhLTExZTYtOGY4OC0zNDM2M2JjN2M0YzAiOnsiY3JlYXRlIjo2MDAwMDAwMDAwMDAsImRlbGV0ZSI6MTIwMDAwMDAwMDAwMH0sInNjaGVtYV92ZXJzaW9uIjoiMSJ9",
          "dependencies": [
            "aws_vpc.shared_services",
            "data.aws_availability_zones.available"
          ]
        }
      ]
    },
    {
      "mode": "managed",
      "type": "aws_subnet",
      "name": "shared_private_1b",
      "provider": "provider[\"registry.terraform.io/hashicorp/aws\"]",
      "instances": [
        {
          "schema_version": 1,
          "attributes": {
            "arn": "arn:aws:ec2:us-east-1:627073650332:subnet/subnet-057ca27f4e04a301b",
            "assign_ipv6_address_on_creation": false,
            "availability_zone": "us-east-1b",
            "availability_zone_id": "use1-az6",
            "cidr_block": "10.3.2.0/24",
            "customer_owned_ipv4_pool": "",
            "enable_dns64": false,
            "enable_lni_at_device_index": 0,
            "enable_resource_name_dns_a_record_on_launch": false,
            "enable_resource_name_dns_aaaa_record_on_launch": false,
            "id": "subnet-057ca27f4e04a301b",
            "ipv6_cidr_block": "",
            "ipv6_cidr_block_association_id": "",
            "ipv6_native": false,
            "map_customer_owned_ip_on_launch": false,
            "map_public_ip_on_launch": false,
            "outpost_arn": "",
            "owner_id": "627073650332",
            "private_dns_hostname_type_on_launch": "ip-name",
            "tags": {
              "Name": "hybrid-dns-lab-shared-private-1b",
              "Project": "hybrid-dns-lab"
            },
            "tags_all": {
              "Name": "hybrid-dns-lab-shared-private-1b",
              "Project": "hybrid-dns-lab"
            },
            "timeouts": null,
            "vpc_id": "vpc-0330fd84980ef82a9"
          },
          "sensitive_attributes": [],
          "identity_schema_version": 0,
          "private": "eyJlMmJmYjczMC1lY2FhLTExZTYtOGY4OC0zNDM2M2JjN2M0YzAiOnsiY3JlYXRlIjo2MDAwMDAwMDAwMDAsImRlbGV0ZSI6MTIwMDAwMDAwMDAwMH0sInNjaGVtYV92ZXJzaW9uIjoiMSJ9",
          "dependencies": [
            "aws_vpc.shared_services",
            "data.aws_availability_zones.available"
          ]
        }
      ]
    },
    {
      "mode": "managed",
      "type": "aws_vpc",
      "name": "app_a",
      "provider": "provider[\"registry.terraform.io/hashicorp/aws\"]",
      "instances": [
        {
          "schema_version": 1,
          "attributes": {
            "arn": "arn:aws:ec2:us-east-1:627073650332:vpc/vpc-0af187695e618a678",
            "assign_generated_ipv6_cidr_block": false,
            "cidr_block": "10.4.0.0/16",
            "default_network_acl_id": "acl-0d606c851ee4e0dba",
            "default_route_table_id": "rtb-011181cfbf9330203",
            "default_security_group_id": "sg-01809b0a16591d699",
            "dhcp_options_id": "dopt-001420789ad527247",
            "enable_dns_hostnames": true,
            "enable_dns_support": true,
            "enable_network_address_usage_metrics": false,
            "id": "vpc-0af187695e618a678",
            "instance_tenancy": "default",
            "ipv4_ipam_pool_id": null,
            "ipv4_netmask_length": null,
            "ipv6_association_id": "",
            "ipv6_cidr_block": "",
            "ipv6_cidr_block_network_border_group": "",
            "ipv6_ipam_pool_id": "",
            "ipv6_netmask_length": 0,
            "main_route_table_id": "rtb-011181cfbf9330203",
            "owner_id": "627073650332",
            "tags": {
              "Name": "hybrid-dns-lab-app-a-vpc",
              "Project": "hybrid-dns-lab"
            },
            "tags_all": {
              "Name": "hybrid-dns-lab-app-a-vpc",
              "Project": "hybrid-dns-lab"
            }
          },
          "sensitive_attributes": [],
          "identity_schema_version": 0,
          "private": "eyJzY2hlbWFfdmVyc2lvbiI6IjEifQ=="
        }
      ]
    },
    {
      "mode": "managed",
      "type": "aws_vpc",
      "name": "app_b",
      "provider": "provider[\"registry.terraform.io/hashicorp/aws\"]",
      "instances": [
        {
          "schema_version": 1,
          "attributes": {
            "arn": "arn:aws:ec2:us-east-1:627073650332:vpc/vpc-0d41d8a919a7b1459",
            "assign_generated_ipv6_cidr_block": false,
            "cidr_block": "10.5.0.0/16",
            "default_network_acl_id": "acl-0e0ea337f118a103c",
            "default_route_table_id": "rtb-009d524c519023740",
            "default_security_group_id": "sg-08a7df8ff438cc33c",
            "dhcp_options_id": "dopt-001420789ad527247",
            "enable_dns_hostnames": true,
            "enable_dns_support": true,
            "enable_network_address_usage_metrics": false,
            "id": "vpc-0d41d8a919a7b1459",
            "instance_tenancy": "default",
            "ipv4_ipam_pool_id": null,
            "ipv4_netmask_length": null,
            "ipv6_association_id": "",
            "ipv6_cidr_block": "",
            "ipv6_cidr_block_network_border_group": "",
            "ipv6_ipam_pool_id": "",
            "ipv6_netmask_length": 0,
            "main_route_table_id": "rtb-009d524c519023740",
            "owner_id": "627073650332",
            "tags": {
              "Name": "hybrid-dns-lab-app-b-vpc",
              "Project": "hybrid-dns-lab"
            },
            "tags_all": {
              "Name": "hybrid-dns-lab-app-b-vpc",
              "Project": "hybrid-dns-lab"
            }
          },
          "sensitive_attributes": [],
          "identity_schema_version": 0,
          "private": "eyJzY2hlbWFfdmVyc2lvbiI6IjEifQ=="
        }
      ]
    },
    {
      "mode": "managed",
      "type": "aws_vpc",
      "name": "shared_services",
      "provider": "provider[\"registry.terraform.io/hashicorp/aws\"]",
      "instances": [
        {
          "schema_version": 1,
          "attributes": {
            "arn": "arn:aws:ec2:us-east-1:627073650332:vpc/vpc-0330fd84980ef82a9",
            "assign_generated_ipv6_cidr_block": false,
            "cidr_block": "10.3.0.0/16",
            "default_network_acl_id": "acl-02eeb616871908039",
            "default_route_table_id": "rtb-07e8be13823e660cf",
            "default_security_group_id": "sg-0ba041d3ad863f2c6",
            "dhcp_options_id": "dopt-001420789ad527247",
            "enable_dns_hostnames": true,
            "enable_dns_support": true,
            "enable_network_address_usage_metrics": false,
            "id": "vpc-0330fd84980ef82a9",
            "instance_tenancy": "default",
            "ipv4_ipam_pool_id": null,
            "ipv4_netmask_length": null,
            "ipv6_association_id": "",
            "ipv6_cidr_block": "",
            "ipv6_cidr_block_network_border_group": "",
            "ipv6_ipam_pool_id": "",
            "ipv6_netmask_length": 0,
            "main_route_table_id": "rtb-07e8be13823e660cf",
            "owner_id": "627073650332",
            "tags": {
              "Name": "hybrid-dns-lab-shared-services-vpc",
              "Project": "hybrid-dns-lab"
            },
            "tags_all": {
              "Name": "hybrid-dns-lab-shared-services-vpc",
              "Project": "hybrid-dns-lab"
            }
          },
          "sensitive_attributes": [],
          "identity_schema_version": 0,
          "private": "eyJzY2hlbWFfdmVyc2lvbiI6IjEifQ=="
        }
      ]
    }
  ],
  "check_results": null
}
